// !$*UTF8*$!
{
	archiveVersion = 1;
	classes = {
	};
	objectVersion = 56;
	objects = {

/* Begin PBXBuildFile section */
		26125EAC2B111835007C88D3 /* CustomProgressBar.swift in Sources */ = {isa = PBXBuildFile; fileRef = 26125EAB2B111835007C88D3 /* CustomProgressBar.swift */; };
		2674C3452BA60815004CD8B1 /* Extentions.swift in Sources */ = {isa = PBXBuildFile; fileRef = 2674C3442BA60815004CD8B1 /* Extentions.swift */; };
		26B5A7122B087FBB001BEE18 /* AppDelegate.swift in Sources */ = {isa = PBXBuildFile; fileRef = 26B5A7112B087FBB001BEE18 /* AppDelegate.swift */; };
		26B5A7142B087FBB001BEE18 /* SceneDelegate.swift in Sources */ = {isa = PBXBuildFile; fileRef = 26B5A7132B087FBB001BEE18 /* SceneDelegate.swift */; };
		26B5A7162B087FBB001BEE18 /* ViewController.swift in Sources */ = {isa = PBXBuildFile; fileRef = 26B5A7152B087FBB001BEE18 /* ViewController.swift */; };
		26B5A71B2B087FBD001BEE18 /* Assets.xcassets in Resources */ = {isa = PBXBuildFile; fileRef = 26B5A71A2B087FBD001BEE18 /* Assets.xcassets */; };
		26B5A71E2B087FBD001BEE18 /* LaunchScreen.storyboard in Resources */ = {isa = PBXBuildFile; fileRef = 26B5A71C2B087FBD001BEE18 /* LaunchScreen.storyboard */; };
		26B5A7272B08916C001BEE18 /* SnapKit in Frameworks */ = {isa = PBXBuildFile; productRef = 26B5A7262B08916C001BEE18 /* SnapKit */; };
		26B5A72A2B09259E001BEE18 /* Constants.swift in Sources */ = {isa = PBXBuildFile; fileRef = 26B5A7292B09259E001BEE18 /* Constants.swift */; };
		26B5A72C2B093AD4001BEE18 /* PaddingLabel.swift in Sources */ = {isa = PBXBuildFile; fileRef = 26B5A72B2B093AD4001BEE18 /* PaddingLabel.swift */; };
		26DFC76F2BA209CE006F3968 /* CustomTextBlock.swift in Sources */ = {isa = PBXBuildFile; fileRef = 26DFC76E2BA209CE006F3968 /* CustomTextBlock.swift */; };
/* End PBXBuildFile section */

/* Begin PBXFileReference section */
		26125EAB2B111835007C88D3 /* CustomProgressBar.swift */ = {isa = PBXFileReference; lastKnownFileType = sourcecode.swift; path = CustomProgressBar.swift; sourceTree = "<group>"; };
		2674C3442BA60815004CD8B1 /* Extentions.swift */ = {isa = PBXFileReference; lastKnownFileType = sourcecode.swift; path = Extentions.swift; sourceTree = "<group>"; };
		26B5A70E2B087FBB001BEE18 /* challange.app */ = {isa = PBXFileReference; explicitFileType = wrapper.application; includeInIndex = 0; path = challange.app; sourceTree = BUILT_PRODUCTS_DIR; };
		26B5A7112B087FBB001BEE18 /* AppDelegate.swift */ = {isa = PBXFileReference; lastKnownFileType = sourcecode.swift; path = AppDelegate.swift; sourceTree = "<group>"; };
		26B5A7132B087FBB001BEE18 /* SceneDelegate.swift */ = {isa = PBXFileReference; lastKnownFileType = sourcecode.swift; path = SceneDelegate.swift; sourceTree = "<group>"; };
		26B5A7152B087FBB001BEE18 /* ViewController.swift */ = {isa = PBXFileReference; lastKnownFileType = sourcecode.swift; path = ViewController.swift; sourceTree = "<group>"; };
		26B5A71A2B087FBD001BEE18 /* Assets.xcassets */ = {isa = PBXFileReference; lastKnownFileType = folder.assetcatalog; path = Assets.xcassets; sourceTree = "<group>"; };
		26B5A71D2B087FBD001BEE18 /* Base */ = {isa = PBXFileReference; lastKnownFileType = file.storyboard; name = Base; path = Base.lproj/LaunchScreen.storyboard; sourceTree = "<group>"; };
		26B5A71F2B087FBD001BEE18 /* Info.plist */ = {isa = PBXFileReference; lastKnownFileType = text.plist.xml; path = Info.plist; sourceTree = "<group>"; };
		26B5A7292B09259E001BEE18 /* Constants.swift */ = {isa = PBXFileReference; lastKnownFileType = sourcecode.swift; path = Constants.swift; sourceTree = "<group>"; };
		26B5A72B2B093AD4001BEE18 /* PaddingLabel.swift */ = {isa = PBXFileReference; lastKnownFileType = sourcecode.swift; path = PaddingLabel.swift; sourceTree = "<group>"; };
		26DFC76E2BA209CE006F3968 /* CustomTextBlock.swift */ = {isa = PBXFileReference; lastKnownFileType = sourcecode.swift; path = CustomTextBlock.swift; sourceTree = "<group>"; };
/* End PBXFileReference section */

/* Begin PBXFrameworksBuildPhase section */
		26B5A70B2B087FBB001BEE18 /* Frameworks */ = {
			isa = PBXFrameworksBuildPhase;
			buildActionMask = 2147483647;
			files = (
				26B5A7272B08916C001BEE18 /* SnapKit in Frameworks */,
			);
			runOnlyForDeploymentPostprocessing = 0;
		};
/* End PBXFrameworksBuildPhase section */

/* Begin PBXGroup section */
		26B5A7052B087FBB001BEE18 = {
			isa = PBXGroup;
			children = (
				26B5A7102B087FBB001BEE18 /* challange */,
				26B5A70F2B087FBB001BEE18 /* Products */,
			);
			sourceTree = "<group>";
		};
		26B5A70F2B087FBB001BEE18 /* Products */ = {
			isa = PBXGroup;
			children = (
				26B5A70E2B087FBB001BEE18 /* challange.app */,
			);
			name = Products;
			sourceTree = "<group>";
		};
		26B5A7102B087FBB001BEE18 /* challange */ = {
			isa = PBXGroup;
			children = (
				26B5A7112B087FBB001BEE18 /* AppDelegate.swift */,
				26B5A7132B087FBB001BEE18 /* SceneDelegate.swift */,
				26B5A7152B087FBB001BEE18 /* ViewController.swift */,
				26B5A72B2B093AD4001BEE18 /* PaddingLabel.swift */,
				26125EAB2B111835007C88D3 /* CustomProgressBar.swift */,
				26DFC76E2BA209CE006F3968 /* CustomTextBlock.swift */,
				2674C3442BA60815004CD8B1 /* Extentions.swift */,
				26B5A7282B09256D001BEE18 /* Helpers */,
				26B5A71A2B087FBD001BEE18 /* Assets.xcassets */,
				26B5A71C2B087FBD001BEE18 /* LaunchScreen.storyboard */,
				26B5A71F2B087FBD001BEE18 /* Info.plist */,
			);
			path = challange;
			sourceTree = "<group>";
		};
		26B5A7282B09256D001BEE18 /* Helpers */ = {
			isa = PBXGroup;
			children = (
				26B5A7292B09259E001BEE18 /* Constants.swift */,
			);
			path = Helpers;
			sourceTree = "<group>";
		};
/* End PBXGroup section */

/* Begin PBXNativeTarget section */
		26B5A70D2B087FBB001BEE18 /* challange */ = {
			isa = PBXNativeTarget;
			buildConfigurationList = 26B5A7222B087FBD001BEE18 /* Build configuration list for PBXNativeTarget "challange" */;
			buildPhases = (
				26B5A70A2B087FBB001BEE18 /* Sources */,
				26B5A70B2B087FBB001BEE18 /* Frameworks */,
				26B5A70C2B087FBB001BEE18 /* Resources */,
			);
			buildRules = (
			);
			dependencies = (
			);
			name = challange;
			packageProductDependencies = (
				26B5A7262B08916C001BEE18 /* SnapKit */,
			);
			productName = challange;
			productReference = 26B5A70E2B087FBB001BEE18 /* challange.app */;
			productType = "com.apple.product-type.application";
		};
/* End PBXNativeTarget section */

/* Begin PBXProject section */
		26B5A7062B087FBB001BEE18 /* Project object */ = {
			isa = PBXProject;
			attributes = {
				BuildIndependentTargetsInParallel = 1;
				LastSwiftUpdateCheck = 1500;
				LastUpgradeCheck = 1500;
				TargetAttributes = {
					26B5A70D2B087FBB001BEE18 = {
						CreatedOnToolsVersion = 15.0.1;
					};
				};
			};
			buildConfigurationList = 26B5A7092B087FBB001BEE18 /* Build configuration list for PBXProject "challange" */;
			compatibilityVersion = "Xcode 14.0";
			developmentRegion = en;
			hasScannedForEncodings = 0;
			knownRegions = (
				en,
				Base,
			);
			mainGroup = 26B5A7052B087FBB001BEE18;
			packageReferences = (
				26B5A7252B08916C001BEE18 /* XCRemoteSwiftPackageReference "SnapKit" */,
			);
			productRefGroup = 26B5A70F2B087FBB001BEE18 /* Products */;
			projectDirPath = "";
			projectRoot = "";
			targets = (
				26B5A70D2B087FBB001BEE18 /* challange */,
			);
		};
/* End PBXProject section */

/* Begin PBXResourcesBuildPhase section */
		26B5A70C2B087FBB001BEE18 /* Resources */ = {
			isa = PBXResourcesBuildPhase;
			buildActionMask = 2147483647;
			files = (
				26B5A71E2B087FBD001BEE18 /* LaunchScreen.storyboard in Resources */,
				26B5A71B2B087FBD001BEE18 /* Assets.xcassets in Resources */,
			);
			runOnlyForDeploymentPostprocessing = 0;
		};
/* End PBXResourcesBuildPhase section */

/* Begin PBXSourcesBuildPhase section */
		26B5A70A2B087FBB001BEE18 /* Sources */ = {
			isa = PBXSourcesBuildPhase;
			buildActionMask = 2147483647;
			files = (
				26B5A7162B087FBB001BEE18 /* ViewController.swift in Sources */,
				26125EAC2B111835007C88D3 /* CustomProgressBar.swift in Sources */,
				26DFC76F2BA209CE006F3968 /* CustomTextBlock.swift in Sources */,
				26B5A72C2B093AD4001BEE18 /* PaddingLabel.swift in Sources */,
				2674C3452BA60815004CD8B1 /* Extentions.swift in Sources */,
				26B5A7122B087FBB001BEE18 /* AppDelegate.swift in Sources */,
				26B5A7142B087FBB001BEE18 /* SceneDelegate.swift in Sources */,
				26B5A72A2B09259E001BEE18 /* Constants.swift in Sources */,
			);
			runOnlyForDeploymentPostprocessing = 0;
		};
/* End PBXSourcesBuildPhase section */

/* Begin PBXVariantGroup section */
		26B5A71C2B087FBD001BEE18 /* LaunchScreen.storyboard */ = {
			isa = PBXVariantGroup;
			children = (
				26B5A71D2B087FBD001BEE18 /* Base */,
			);
			name = LaunchScreen.storyboard;
			sourceTree = "<group>";
		};
/* End PBXVariantGroup section */

/* Begin XCBuildConfiguration section */
		26B5A7202B087FBD001BEE18 /* Debug */ = {
			isa = XCBuildConfiguration;
			buildSettings = {
				ALWAYS_SEARCH_USER_PATHS = NO;
				ASSETCATALOG_COMPILER_GENERATE_SWIFT_ASSET_SYMBOL_EXTENSIONS = YES;
				CLANG_ANALYZER_NONNULL = YES;
				CLANG_ANALYZER_NUMBER_OBJECT_CONVERSION = YES_AGGRESSIVE;
				CLANG_CXX_LANGUAGE_STANDARD = "gnu++20";
				CLANG_ENABLE_MODULES = YES;
				CLANG_ENABLE_OBJC_ARC = YES;
				CLANG_ENABLE_OBJC_WEAK = YES;
				CLANG_WARN_BLOCK_CAPTURE_AUTORELEASING = YES;
				CLANG_WARN_BOOL_CONVERSION = YES;
				CLANG_WARN_COMMA = YES;
				CLANG_WARN_CONSTANT_CONVERSION = YES;
				CLANG_WARN_DEPRECATED_OBJC_IMPLEMENTATIONS = YES;
				CLANG_WARN_DIRECT_OBJC_ISA_USAGE = YES_ERROR;
				CLANG_WARN_DOCUMENTATION_COMMENTS = YES;
				CLANG_WARN_EMPTY_BODY = YES;
				CLANG_WARN_ENUM_CONVERSION = YES;
				CLANG_WARN_INFINITE_RECURSION = YES;
				CLANG_WARN_INT_CONVERSION = YES;
				CLANG_WARN_NON_LITERAL_NULL_CONVERSION = YES;
				CLANG_WARN_OBJC_IMPLICIT_RETAIN_SELF = YES;
				CLANG_WARN_OBJC_LITERAL_CONVERSION = YES;
				CLANG_WARN_OBJC_ROOT_CLASS = YES_ERROR;
				CLANG_WARN_QUOTED_INCLUDE_IN_FRAMEWORK_HEADER = YES;
				CLANG_WARN_RANGE_LOOP_ANALYSIS = YES;
				CLANG_WARN_STRICT_PROTOTYPES = YES;
				CLANG_WARN_SUSPICIOUS_MOVE = YES;
				CLANG_WARN_UNGUARDED_AVAILABILITY = YES_AGGRESSIVE;
				CLANG_WARN_UNREACHABLE_CODE = YES;
				CLANG_WARN__DUPLICATE_METHOD_MATCH = YES;
				COPY_PHASE_STRIP = NO;
				DEBUG_INFORMATION_FORMAT = dwarf;
				ENABLE_STRICT_OBJC_MSGSEND = YES;
				ENABLE_TESTABILITY = YES;
				ENABLE_USER_SCRIPT_SANDBOXING = YES;
				GCC_C_LANGUAGE_STANDARD = gnu17;
				GCC_DYNAMIC_NO_PIC = NO;
				GCC_NO_COMMON_BLOCKS = YES;
				GCC_OPTIMIZATION_LEVEL = 0;
				GCC_PREPROCESSOR_DEFINITIONS = (
					"DEBUG=1",
					"$(inherited)",
				);
				GCC_WARN_64_TO_32_BIT_CONVERSION = YES;
				GCC_WARN_ABOUT_RETURN_TYPE = YES_ERROR;
				GCC_WARN_UNDECLARED_SELECTOR = YES;
				GCC_WARN_UNINITIALIZED_AUTOS = YES_AGGRESSIVE;
				GCC_WARN_UNUSED_FUNCTION = YES;
				GCC_WARN_UNUSED_VARIABLE = YES;
				IPHONEOS_DEPLOYMENT_TARGET = 17.0;
				LOCALIZATION_PREFERS_STRING_CATALOGS = YES;
				MTL_ENABLE_DEBUG_INFO = INCLUDE_SOURCE;
				MTL_FAST_MATH = YES;
				ONLY_ACTIVE_ARCH = YES;
				SDKROOT = iphoneos;
				SWIFT_ACTIVE_COMPILATION_CONDITIONS = "DEBUG $(inherited)";
				SWIFT_OPTIMIZATION_LEVEL = "-Onone";
			};
			name = Debug;
		};
		26B5A7212B087FBD001BEE18 /* Release */ = {
			isa = XCBuildConfiguration;
			buildSettings = {
				ALWAYS_SEARCH_USER_PATHS = NO;
				ASSETCATALOG_COMPILER_GENERATE_SWIFT_ASSET_SYMBOL_EXTENSIONS = YES;
				CLANG_ANALYZER_NONNULL = YES;
				CLANG_ANALYZER_NUMBER_OBJECT_CONVERSION = YES_AGGRESSIVE;
				CLANG_CXX_LANGUAGE_STANDARD = "gnu++20";
				CLANG_ENABLE_MODULES = YES;
				CLANG_ENABLE_OBJC_ARC = YES;
				CLANG_ENABLE_OBJC_WEAK = YES;
				CLANG_WARN_BLOCK_CAPTURE_AUTORELEASING = YES;
				CLANG_WARN_BOOL_CONVERSION = YES;
				CLANG_WARN_COMMA = YES;
				CLANG_WARN_CONSTANT_CONVERSION = YES;
				CLANG_WARN_DEPRECATED_OBJC_IMPLEMENTATIONS = YES;
				CLANG_WARN_DIRECT_OBJC_ISA_USAGE = YES_ERROR;
				CLANG_WARN_DOCUMENTATION_COMMENTS = YES;
				CLANG_WARN_EMPTY_BODY = YES;
				CLANG_WARN_ENUM_CONVERSION = YES;
				CLANG_WARN_INFINITE_RECURSION = YES;
				CLANG_WARN_INT_CONVERSION = YES;
				CLANG_WARN_NON_LITERAL_NULL_CONVERSION = YES;
				CLANG_WARN_OBJC_IMPLICIT_RETAIN_SELF = YES;
				CLANG_WARN_OBJC_LITERAL_CONVERSION = YES;
				CLANG_WARN_OBJC_ROOT_CLASS = YES_ERROR;
				CLANG_WARN_QUOTED_INCLUDE_IN_FRAMEWORK_HEADER = YES;
				CLANG_WARN_RANGE_LOOP_ANALYSIS = YES;
				CLANG_WARN_STRICT_PROTOTYPES = YES;
				CLANG_WARN_SUSPICIOUS_MOVE = YES;
				CLANG_WARN_UNGUARDED_AVAILABILITY = YES_AGGRESSIVE;
				CLANG_WARN_UNREACHABLE_CODE = YES;
				CLANG_WARN__DUPLICATE_METHOD_MATCH = YES;
				COPY_PHASE_STRIP = NO;
				DEBUG_INFORMATION_FORMAT = "dwarf-with-dsym";
				ENABLE_NS_ASSERTIONS = NO;
				ENABLE_STRICT_OBJC_MSGSEND = YES;
				ENABLE_USER_SCRIPT_SANDBOXING = YES;
				GCC_C_LANGUAGE_STANDARD = gnu17;
				GCC_NO_COMMON_BLOCKS = YES;
				GCC_WARN_64_TO_32_BIT_CONVERSION = YES;
				GCC_WARN_ABOUT_RETURN_TYPE = YES_ERROR;
				GCC_WARN_UNDECLARED_SELECTOR = YES;
				GCC_WARN_UNINITIALIZED_AUTOS = YES_AGGRESSIVE;
				GCC_WARN_UNUSED_FUNCTION = YES;
				GCC_WARN_UNUSED_VARIABLE = YES;
				IPHONEOS_DEPLOYMENT_TARGET = 17.0;
				LOCALIZATION_PREFERS_STRING_CATALOGS = YES;
				MTL_ENABLE_DEBUG_INFO = NO;
				MTL_FAST_MATH = YES;
				SDKROOT = iphoneos;
				SWIFT_COMPILATION_MODE = wholemodule;
				VALIDATE_PRODUCT = YES;
			};
			name = Release;
		};
		26B5A7232B087FBD001BEE18 /* Debug */ = {
			isa = XCBuildConfiguration;
			buildSettings = {
				ASSETCATALOG_COMPILER_APPICON_NAME = AppIcon;
				ASSETCATALOG_COMPILER_GLOBAL_ACCENT_COLOR_NAME = AccentColor;
				CODE_SIGN_STYLE = Automatic;
				CURRENT_PROJECT_VERSION = 1;
				DEVELOPMENT_TEAM = LT54Q8Z33F;
				GENERATE_INFOPLIST_FILE = YES;
				INFOPLIST_FILE = challange/Info.plist;
				INFOPLIST_KEY_UIApplicationSupportsIndirectInputEvents = YES;
				INFOPLIST_KEY_UILaunchStoryboardName = LaunchScreen;
				INFOPLIST_KEY_UISupportedInterfaceOrientations_iPad = "UIInterfaceOrientationPortrait UIInterfaceOrientationPortraitUpsideDown UIInterfaceOrientationLandscapeLeft UIInterfaceOrientationLandscapeRight";
				INFOPLIST_KEY_UISupportedInterfaceOrientations_iPhone = "UIInterfaceOrientationPortrait UIInterfaceOrientationLandscapeLeft UIInterfaceOrientationLandscapeRight";
				LD_RUNPATH_SEARCH_PATHS = (
					"$(inherited)",
					"@executable_path/Frameworks",
				);
				MARKETING_VERSION = 1.0;
				PRODUCT_BUNDLE_IDENTIFIER = home.challange;
				PRODUCT_NAME = "$(TARGET_NAME)";
				SUPPORTED_PLATFORMS = "iphoneos iphonesimulator";
				SUPPORTS_MACCATALYST = NO;
				SUPPORTS_MAC_DESIGNED_FOR_IPHONE_IPAD = NO;
				SWIFT_EMIT_LOC_STRINGS = YES;
				SWIFT_VERSION = 5.0;
				TARGETED_DEVICE_FAMILY = "1,2";
			};
			name = Debug;
		};
		26B5A7242B087FBD001BEE18 /* Release */ = {
			isa = XCBuildConfiguration;
			buildSettings = {
				ASSETCATALOG_COMPILER_APPICON_NAME = AppIcon;
				ASSETCATALOG_COMPILER_GLOBAL_ACCENT_COLOR_NAME = AccentColor;
				CODE_SIGN_STYLE = Automatic;
				CURRENT_PROJECT_VERSION = 1;
				DEVELOPMENT_TEAM = LT54Q8Z33F;
				GENERATE_INFOPLIST_FILE = YES;
				INFOPLIST_FILE = challange/Info.plist;
				INFOPLIST_KEY_UIApplicationSupportsIndirectInputEvents = YES;
				INFOPLIST_KEY_UILaunchStoryboardName = LaunchScreen;
				INFOPLIST_KEY_UISupportedInterfaceOrientations_iPad = "UIInterfaceOrientationPortrait UIInterfaceOrientationPortraitUpsideDown UIInterfaceOrientationLandscapeLeft UIInterfaceOrientationLandscapeRight";
				INFOPLIST_KEY_UISupportedInterfaceOrientations_iPhone = "UIInterfaceOrientationPortrait UIInterfaceOrientationLandscapeLeft UIInterfaceOrientationLandscapeRight";
				LD_RUNPATH_SEARCH_PATHS = (
					"$(inherited)",
					"@executable_path/Frameworks",
				);
				MARKETING_VERSION = 1.0;
				PRODUCT_BUNDLE_IDENTIFIER = home.challange;
				PRODUCT_NAME = "$(TARGET_NAME)";
				SUPPORTED_PLATFORMS = "iphoneos iphonesimulator";
				SUPPORTS_MACCATALYST = NO;
				SUPPORTS_MAC_DESIGNED_FOR_IPHONE_IPAD = NO;
				SWIFT_EMIT_LOC_STRINGS = YES;
				SWIFT_VERSION = 5.0;
				TARGETED_DEVICE_FAMILY = "1,2";
			};
			name = Release;
		};
/* End XCBuildConfiguration section */

/* Begin XCConfigurationList section */
		26B5A7092B087FBB001BEE18 /* Build configuration list for PBXProject "challange" */ = {
			isa = XCConfigurationList;
			buildConfigurations = (
				26B5A7202B087FBD001BEE18 /* Debug */,
				26B5A7212B087FBD001BEE18 /* Release */,
			);
			defaultConfigurationIsVisible = 0;
			defaultConfigurationName = Release;
		};
		26B5A7222B087FBD001BEE18 /* Build configuration list for PBXNativeTarget "challange" */ = {
			isa = XCConfigurationList;
			buildConfigurations = (
				26B5A7232B087FBD001BEE18 /* Debug */,
				26B5A7242B087FBD001BEE18 /* Release */,
			);
			defaultConfigurationIsVisible = 0;
			defaultConfigurationName = Release;
		};
/* End XCConfigurationList section */

/* Begin XCRemoteSwiftPackageReference section */
		26B5A7252B08916C001BEE18 /* XCRemoteSwiftPackageReference "SnapKit" */ = {
			isa = XCRemoteSwiftPackageReference;
			repositoryURL = "https://github.com/SnapKit/SnapKit.git";
			requirement = {
				kind = upToNextMajorVersion;
				minimumVersion = 5.6.0;
			};
		};
/* End XCRemoteSwiftPackageReference section */

/* Begin XCSwiftPackageProductDependency section */
		26B5A7262B08916C001BEE18 /* SnapKit */ = {
			isa = XCSwiftPackageProductDependency;
			package = 26B5A7252B08916C001BEE18 /* XCRemoteSwiftPackageReference "SnapKit" */;
			productName = SnapKit;
		};
/* End XCSwiftPackageProductDependency section */
	};
	rootObject = 26B5A7062B087FBB001BEE18 /* Project object */;
}
